# This file is automatically @generated by Poetry 1.7.1 and should not be changed by hand.

[[package]]
name = "dep-b"
version = "0.2.0"
description = ""
optional = false
python-versions = "^3.8"
files = []
develop = true

[package.dependencies]
dep-c = {path = "../dep_c", develop = true}

[package.source]
type = "directory"
url = "../dep_b"

[[package]]
name = "dep-c"
version = "0.3.0"
description = ""
optional = false
python-versions = "^3.8"
files = []
develop = true

[package.source]
type = "directory"
url = "../dep_c"

[metadata]
lock-version = "2.0"
python-versions = "^3.8"
content-hash = "2a0c7a4e0839d7c04af91dd918f756c93d5f395a15636295e0e012c5dff16901"
