# This file is automatically @generated by Poetry 1.7.1 and should not be changed by hand.

[[package]]
name = "dep-c"
version = "0.3.0"
description = ""
optional = false
python-versions = "^3.8"
files = []
develop = true

[package.source]
type = "directory"
url = "../dep_c"

[metadata]
lock-version = "2.0"
python-versions = "^3.8"
content-hash = "018a973c37845954b134d36283748efa3d2b1c8bd445ffe8847283bf8d8d252c"
